
Microsoft Visual Studio Solution File, Format Version 12.00
# Visual Studio Version 17
VisualStudioVersion = 17.5.33627.172
MinimumVisualStudioVersion = 10.0.40219.1
Project("{FAE04EC0-301F-11D3-BF4B-00C04F79EFBC}") = "authsystem", "authsystem\authsystem.csproj", "{8A49BC25-88A2-4368-AC25-F34957BD380A}"
EndProject
Global
	GlobalSection(SolutionConfigurationPlatforms) = preSolution
		Debug|Any CPU = Debug|Any CPU
		Release|Any CPU = Release|Any CPU
	EndGlobalSection
	GlobalSection(ProjectConfigurationPlatforms) = postSolution
		{8A49BC25-88A2-4368-AC25-F34957BD380A}.Debug|Any CPU.ActiveCfg = Debug|Any CPU
		{8A49BC25-88A2-4368-AC25-F34957BD380A}.Debug|Any CPU.Build.0 = Debug|Any CPU
		{8A49BC25-88A2-4368-AC25-F34957BD380A}.Release|Any CPU.ActiveCfg = Release|Any CPU
		{8A49BC25-88A2-4368-AC25-F34957BD380A}.Release|Any CPU.Build.0 = Release|Any CPU
	EndGlobalSection
	GlobalSection(SolutionProperties) = preSolution
		HideSolutionNode = FALSE
	EndGlobalSection
	GlobalSection(ExtensibilityGlobals) = postSolution
		SolutionGuid = {06CFC281-2F82-4137-BD5E-9AE078203632}
	EndGlobalSection
EndGlobal
